dependencies:
- name: minio
  repository: https://charts.min.io/
  version: 4.0.12
- name: grafana-agent-operator
  repository: https://grafana.github.io/helm-charts
  version: 0.1.12
- name: rollout-operator
  repository: https://grafana.github.io/helm-charts
  version: 0.1.2
digest: sha256:c8751557d3d9584e917d7e7d6af440f0f6d534d1949ab29a534a70d22716a3a7
generated: "2022-08-19T12:47:26.33328693+02:00"
